// !$*UTF8*$!
{
	archiveVersion = 1;
	classes = {
	};
	objectVersion = 55;
	objects = {

/* Begin PBXBuildFile section */
		4AB362AB28C25007002F50B8 /* AppDelegate.swift in Sources */ = {isa = PBXBuildFile; fileRef = 4AB362AA28C25007002F50B8 /* AppDelegate.swift */; };
		4AB362AD28C25007002F50B8 /* SceneDelegate.swift in Sources */ = {isa = PBXBuildFile; fileRef = 4AB362AC28C25007002F50B8 /* SceneDelegate.swift */; };
		4AB362B428C25008002F50B8 /* Assets.xcassets in Resources */ = {isa = PBXBuildFile; fileRef = 4AB362B328C25008002F50B8 /* Assets.xcassets */; };
		4AB362B728C25008002F50B8 /* LaunchScreen.storyboard in Resources */ = {isa = PBXBuildFile; fileRef = 4AB362B528C25008002F50B8 /* LaunchScreen.storyboard */; };
		4AB362D028C25B81002F50B8 /* Network.swift in Sources */ = {isa = PBXBuildFile; fileRef = 4AB362CF28C25B81002F50B8 /* Network.swift */; };
		4AB362D328C25B92002F50B8 /* Screen.swift in Sources */ = {isa = PBXBuildFile; fileRef = 4AB362D228C25B92002F50B8 /* Screen.swift */; };
		4AB362DA28C4D498002F50B8 /* Image.swift in Sources */ = {isa = PBXBuildFile; fileRef = 4AB362D928C4D498002F50B8 /* Image.swift */; };
		4AB362DC28C4D4B2002F50B8 /* Constant.swift in Sources */ = {isa = PBXBuildFile; fileRef = 4AB362DB28C4D4B2002F50B8 /* Constant.swift */; };
		90561FEE342CE4F1ED9CCEE0 /* Pods_Weather_iOS.framework in Frameworks */ = {isa = PBXBuildFile; fileRef = AFFDA26B9DA4041367577CE0 /* Pods_Weather_iOS.framework */; };
/* End PBXBuildFile section */

/* Begin PBXFileReference section */
		4AB362A728C25007002F50B8 /* Weather-iOS.app */ = {isa = PBXFileReference; explicitFileType = wrapper.application; includeInIndex = 0; path = "Weather-iOS.app"; sourceTree = BUILT_PRODUCTS_DIR; };
		4AB362AA28C25007002F50B8 /* AppDelegate.swift */ = {isa = PBXFileReference; lastKnownFileType = sourcecode.swift; path = AppDelegate.swift; sourceTree = "<group>"; };
		4AB362AC28C25007002F50B8 /* SceneDelegate.swift */ = {isa = PBXFileReference; lastKnownFileType = sourcecode.swift; path = SceneDelegate.swift; sourceTree = "<group>"; };
		4AB362B328C25008002F50B8 /* Assets.xcassets */ = {isa = PBXFileReference; lastKnownFileType = folder.assetcatalog; path = Assets.xcassets; sourceTree = "<group>"; };
		4AB362B628C25008002F50B8 /* Base */ = {isa = PBXFileReference; lastKnownFileType = file.storyboard; name = Base; path = Base.lproj/LaunchScreen.storyboard; sourceTree = "<group>"; };
		4AB362B828C25008002F50B8 /* Info.plist */ = {isa = PBXFileReference; lastKnownFileType = text.plist.xml; path = Info.plist; sourceTree = "<group>"; };
		4AB362CF28C25B81002F50B8 /* Network.swift */ = {isa = PBXFileReference; lastKnownFileType = sourcecode.swift; path = Network.swift; sourceTree = "<group>"; };
		4AB362D228C25B92002F50B8 /* Screen.swift */ = {isa = PBXFileReference; lastKnownFileType = sourcecode.swift; path = Screen.swift; sourceTree = "<group>"; };
		4AB362D928C4D498002F50B8 /* Image.swift */ = {isa = PBXFileReference; lastKnownFileType = sourcecode.swift; path = Image.swift; sourceTree = "<group>"; };
		4AB362DB28C4D4B2002F50B8 /* Constant.swift */ = {isa = PBXFileReference; lastKnownFileType = sourcecode.swift; path = Constant.swift; sourceTree = "<group>"; };
		6E66BB18F163BFC7D525F7D5 /* Pods-Weather-iOS.debug.xcconfig */ = {isa = PBXFileReference; includeInIndex = 1; lastKnownFileType = text.xcconfig; name = "Pods-Weather-iOS.debug.xcconfig"; path = "Target Support Files/Pods-Weather-iOS/Pods-Weather-iOS.debug.xcconfig"; sourceTree = "<group>"; };
		AFFDA26B9DA4041367577CE0 /* Pods_Weather_iOS.framework */ = {isa = PBXFileReference; explicitFileType = wrapper.framework; includeInIndex = 0; path = Pods_Weather_iOS.framework; sourceTree = BUILT_PRODUCTS_DIR; };
		C333270093A7106B44237750 /* Pods-Weather-iOS.release.xcconfig */ = {isa = PBXFileReference; includeInIndex = 1; lastKnownFileType = text.xcconfig; name = "Pods-Weather-iOS.release.xcconfig"; path = "Target Support Files/Pods-Weather-iOS/Pods-Weather-iOS.release.xcconfig"; sourceTree = "<group>"; };
/* End PBXFileReference section */

/* Begin PBXFrameworksBuildPhase section */
		4AB362A428C25007002F50B8 /* Frameworks */ = {
			isa = PBXFrameworksBuildPhase;
			buildActionMask = 2147483647;
			files = (
				90561FEE342CE4F1ED9CCEE0 /* Pods_Weather_iOS.framework in Frameworks */,
			);
			runOnlyForDeploymentPostprocessing = 0;
		};
/* End PBXFrameworksBuildPhase section */

/* Begin PBXGroup section */
		12524959C2467D18F2FED3C2 /* Frameworks */ = {
			isa = PBXGroup;
			children = (
				AFFDA26B9DA4041367577CE0 /* Pods_Weather_iOS.framework */,
			);
			name = Frameworks;
			sourceTree = "<group>";
		};
		4AB3629E28C25007002F50B8 = {
			isa = PBXGroup;
			children = (
				4AB362A928C25007002F50B8 /* Weather-iOS */,
				4AB362A828C25007002F50B8 /* Products */,
				7F0DD7142DA83FCD67FF4459 /* Pods */,
				12524959C2467D18F2FED3C2 /* Frameworks */,
			);
			sourceTree = "<group>";
		};
		4AB362A828C25007002F50B8 /* Products */ = {
			isa = PBXGroup;
			children = (
				4AB362A728C25007002F50B8 /* Weather-iOS.app */,
			);
			name = Products;
			sourceTree = "<group>";
		};
		4AB362A928C25007002F50B8 /* Weather-iOS */ = {
			isa = PBXGroup;
			children = (
				4AB362BE28C25A8B002F50B8 /* Global */,
				4AB362C228C25AB4002F50B8 /* Network */,
				4AB362C828C25AF9002F50B8 /* Screen */,
				4AB362C928C25B1A002F50B8 /* Resoruce */,
			);
			path = "Weather-iOS";
			sourceTree = "<group>";
		};
		4AB362BE28C25A8B002F50B8 /* Global */ = {
			isa = PBXGroup;
			children = (
				4AB362D828C4D488002F50B8 /* Constant */,
			);
			path = Global;
			sourceTree = "<group>";
		};
		4AB362C228C25AB4002F50B8 /* Network */ = {
			isa = PBXGroup;
			children = (
				4AB362CF28C25B81002F50B8 /* Network.swift */,
			);
			path = Network;
			sourceTree = "<group>";
		};
		4AB362C828C25AF9002F50B8 /* Screen */ = {
			isa = PBXGroup;
			children = (
				4AB362D228C25B92002F50B8 /* Screen.swift */,
			);
			path = Screen;
			sourceTree = "<group>";
		};
		4AB362C928C25B1A002F50B8 /* Resoruce */ = {
			isa = PBXGroup;
			children = (
				4AB362CC28C25B44002F50B8 /* Asset */,
				4AB362CB28C25B36002F50B8 /* Storyboard */,
				4AB362CA28C25B25002F50B8 /* Support */,
			);
			path = Resoruce;
			sourceTree = "<group>";
		};
		4AB362CA28C25B25002F50B8 /* Support */ = {
			isa = PBXGroup;
			children = (
				4AB362B828C25008002F50B8 /* Info.plist */,
				4AB362AA28C25007002F50B8 /* AppDelegate.swift */,
				4AB362AC28C25007002F50B8 /* SceneDelegate.swift */,
			);
			path = Support;
			sourceTree = "<group>";
		};
		4AB362CB28C25B36002F50B8 /* Storyboard */ = {
			isa = PBXGroup;
			children = (
				4AB362B528C25008002F50B8 /* LaunchScreen.storyboard */,
			);
			path = Storyboard;
			sourceTree = "<group>";
		};
		4AB362CC28C25B44002F50B8 /* Asset */ = {
			isa = PBXGroup;
			children = (
				4AB362B328C25008002F50B8 /* Assets.xcassets */,
			);
			path = Asset;
			sourceTree = "<group>";
		};
		4AB362D828C4D488002F50B8 /* Constant */ = {
			isa = PBXGroup;
			children = (
				4AB362DB28C4D4B2002F50B8 /* Constant.swift */,
				4AB362D928C4D498002F50B8 /* Image.swift */,
			);
			path = Constant;
			sourceTree = "<group>";
		};
		7F0DD7142DA83FCD67FF4459 /* Pods */ = {
			isa = PBXGroup;
			children = (
				6E66BB18F163BFC7D525F7D5 /* Pods-Weather-iOS.debug.xcconfig */,
				C333270093A7106B44237750 /* Pods-Weather-iOS.release.xcconfig */,
			);
			path = Pods;
			sourceTree = "<group>";
		};
/* End PBXGroup section */

/* Begin PBXNativeTarget section */
		4AB362A628C25007002F50B8 /* Weather-iOS */ = {
			isa = PBXNativeTarget;
			buildConfigurationList = 4AB362BB28C25008002F50B8 /* Build configuration list for PBXNativeTarget "Weather-iOS" */;
			buildPhases = (
				77E4A06CD48E0487AE241F1D /* [CP] Check Pods Manifest.lock */,
				4AB362A328C25007002F50B8 /* Sources */,
				4AB362A428C25007002F50B8 /* Frameworks */,
				4AB362A528C25007002F50B8 /* Resources */,
				4970B66DDDD1144C0081DFD0 /* [CP] Embed Pods Frameworks */,
			);
			buildRules = (
			);
			dependencies = (
			);
			name = "Weather-iOS";
			productName = "Weather-iOS";
			productReference = 4AB362A728C25007002F50B8 /* Weather-iOS.app */;
			productType = "com.apple.product-type.application";
		};
/* End PBXNativeTarget section */

/* Begin PBXProject section */
		4AB3629F28C25007002F50B8 /* Project object */ = {
			isa = PBXProject;
			attributes = {
				BuildIndependentTargetsInParallel = 1;
				LastSwiftUpdateCheck = 1340;
				LastUpgradeCheck = 1340;
				TargetAttributes = {
					4AB362A628C25007002F50B8 = {
						CreatedOnToolsVersion = 13.4.1;
					};
				};
			};
			buildConfigurationList = 4AB362A228C25007002F50B8 /* Build configuration list for PBXProject "Weather-iOS" */;
			compatibilityVersion = "Xcode 13.0";
			developmentRegion = en;
			hasScannedForEncodings = 0;
			knownRegions = (
				en,
				Base,
			);
			mainGroup = 4AB3629E28C25007002F50B8;
			productRefGroup = 4AB362A828C25007002F50B8 /* Products */;
			projectDirPath = "";
			projectRoot = "";
			targets = (
				4AB362A628C25007002F50B8 /* Weather-iOS */,
			);
		};
/* End PBXProject section */

/* Begin PBXResourcesBuildPhase section */
		4AB362A528C25007002F50B8 /* Resources */ = {
			isa = PBXResourcesBuildPhase;
			buildActionMask = 2147483647;
			files = (
				4AB362B728C25008002F50B8 /* LaunchScreen.storyboard in Resources */,
				4AB362B428C25008002F50B8 /* Assets.xcassets in Resources */,
			);
			runOnlyForDeploymentPostprocessing = 0;
		};
/* End PBXResourcesBuildPhase section */

/* Begin PBXShellScriptBuildPhase section */
		4970B66DDDD1144C0081DFD0 /* [CP] Embed Pods Frameworks */ = {
			isa = PBXShellScriptBuildPhase;
			buildActionMask = 2147483647;
			files = (
			);
			inputFileListPaths = (
				"${PODS_ROOT}/Target Support Files/Pods-Weather-iOS/Pods-Weather-iOS-frameworks-${CONFIGURATION}-input-files.xcfilelist",
			);
			name = "[CP] Embed Pods Frameworks";
			outputFileListPaths = (
				"${PODS_ROOT}/Target Support Files/Pods-Weather-iOS/Pods-Weather-iOS-frameworks-${CONFIGURATION}-output-files.xcfilelist",
			);
			runOnlyForDeploymentPostprocessing = 0;
			shellPath = /bin/sh;
			shellScript = "\"${PODS_ROOT}/Target Support Files/Pods-Weather-iOS/Pods-Weather-iOS-frameworks.sh\"\n";
			showEnvVarsInLog = 0;
		};
		77E4A06CD48E0487AE241F1D /* [CP] Check Pods Manifest.lock */ = {
			isa = PBXShellScriptBuildPhase;
			buildActionMask = 2147483647;
			files = (
			);
			inputFileListPaths = (
			);
			inputPaths = (
				"${PODS_PODFILE_DIR_PATH}/Podfile.lock",
				"${PODS_ROOT}/Manifest.lock",
			);
			name = "[CP] Check Pods Manifest.lock";
			outputFileListPaths = (
			);
			outputPaths = (
				"$(DERIVED_FILE_DIR)/Pods-Weather-iOS-checkManifestLockResult.txt",
			);
			runOnlyForDeploymentPostprocessing = 0;
			shellPath = /bin/sh;
			shellScript = "diff \"${PODS_PODFILE_DIR_PATH}/Podfile.lock\" \"${PODS_ROOT}/Manifest.lock\" > /dev/null\nif [ $? != 0 ] ; then\n    # print error to STDERR\n    echo \"error: The sandbox is not in sync with the Podfile.lock. Run 'pod install' or update your CocoaPods installation.\" >&2\n    exit 1\nfi\n# This output is used by Xcode 'outputs' to avoid re-running this script phase.\necho \"SUCCESS\" > \"${SCRIPT_OUTPUT_FILE_0}\"\n";
			showEnvVarsInLog = 0;
		};
/* End PBXShellScriptBuildPhase section */

/* Begin PBXSourcesBuildPhase section */
		4AB362A328C25007002F50B8 /* Sources */ = {
			isa = PBXSourcesBuildPhase;
			buildActionMask = 2147483647;
			files = (
				4AB362DC28C4D4B2002F50B8 /* Constant.swift in Sources */,
				4AB362D328C25B92002F50B8 /* Screen.swift in Sources */,
				4AB362DA28C4D498002F50B8 /* Image.swift in Sources */,
				4AB362AB28C25007002F50B8 /* AppDelegate.swift in Sources */,
				4AB362AD28C25007002F50B8 /* SceneDelegate.swift in Sources */,
				4AB362D028C25B81002F50B8 /* Network.swift in Sources */,
			);
			runOnlyForDeploymentPostprocessing = 0;
		};
/* End PBXSourcesBuildPhase section */

/* Begin PBXVariantGroup section */
		4AB362B528C25008002F50B8 /* LaunchScreen.storyboard */ = {
			isa = PBXVariantGroup;
			children = (
				4AB362B628C25008002F50B8 /* Base */,
			);
			name = LaunchScreen.storyboard;
			sourceTree = "<group>";
		};
/* End PBXVariantGroup section */

/* Begin XCBuildConfiguration section */
		4AB362B928C25008002F50B8 /* Debug */ = {
			isa = XCBuildConfiguration;
			buildSettings = {
				ALWAYS_SEARCH_USER_PATHS = NO;
				CLANG_ANALYZER_NONNULL = YES;
				CLANG_ANALYZER_NUMBER_OBJECT_CONVERSION = YES_AGGRESSIVE;
				CLANG_CXX_LANGUAGE_STANDARD = "gnu++17";
				CLANG_ENABLE_MODULES = YES;
				CLANG_ENABLE_OBJC_ARC = YES;
				CLANG_ENABLE_OBJC_WEAK = YES;
				CLANG_WARN_BLOCK_CAPTURE_AUTORELEASING = YES;
				CLANG_WARN_BOOL_CONVERSION = YES;
				CLANG_WARN_COMMA = YES;
				CLANG_WARN_CONSTANT_CONVERSION = YES;
				CLANG_WARN_DEPRECATED_OBJC_IMPLEMENTATIONS = YES;
				CLANG_WARN_DIRECT_OBJC_ISA_USAGE = YES_ERROR;
				CLANG_WARN_DOCUMENTATION_COMMENTS = YES;
				CLANG_WARN_EMPTY_BODY = YES;
				CLANG_WARN_ENUM_CONVERSION = YES;
				CLANG_WARN_INFINITE_RECURSION = YES;
				CLANG_WARN_INT_CONVERSION = YES;
				CLANG_WARN_NON_LITERAL_NULL_CONVERSION = YES;
				CLANG_WARN_OBJC_IMPLICIT_RETAIN_SELF = YES;
				CLANG_WARN_OBJC_LITERAL_CONVERSION = YES;
				CLANG_WARN_OBJC_ROOT_CLASS = YES_ERROR;
				CLANG_WARN_QUOTED_INCLUDE_IN_FRAMEWORK_HEADER = YES;
				CLANG_WARN_RANGE_LOOP_ANALYSIS = YES;
				CLANG_WARN_STRICT_PROTOTYPES = YES;
				CLANG_WARN_SUSPICIOUS_MOVE = YES;
				CLANG_WARN_UNGUARDED_AVAILABILITY = YES_AGGRESSIVE;
				CLANG_WARN_UNREACHABLE_CODE = YES;
				CLANG_WARN__DUPLICATE_METHOD_MATCH = YES;
				COPY_PHASE_STRIP = NO;
				DEBUG_INFORMATION_FORMAT = dwarf;
				ENABLE_STRICT_OBJC_MSGSEND = YES;
				ENABLE_TESTABILITY = YES;
				GCC_C_LANGUAGE_STANDARD = gnu11;
				GCC_DYNAMIC_NO_PIC = NO;
				GCC_NO_COMMON_BLOCKS = YES;
				GCC_OPTIMIZATION_LEVEL = 0;
				GCC_PREPROCESSOR_DEFINITIONS = (
					"DEBUG=1",
					"$(inherited)",
				);
				GCC_WARN_64_TO_32_BIT_CONVERSION = YES;
				GCC_WARN_ABOUT_RETURN_TYPE = YES_ERROR;
				GCC_WARN_UNDECLARED_SELECTOR = YES;
				GCC_WARN_UNINITIALIZED_AUTOS = YES_AGGRESSIVE;
				GCC_WARN_UNUSED_FUNCTION = YES;
				GCC_WARN_UNUSED_VARIABLE = YES;
				IPHONEOS_DEPLOYMENT_TARGET = 15.5;
				MTL_ENABLE_DEBUG_INFO = INCLUDE_SOURCE;
				MTL_FAST_MATH = YES;
				ONLY_ACTIVE_ARCH = YES;
				SDKROOT = iphoneos;
				SWIFT_ACTIVE_COMPILATION_CONDITIONS = DEBUG;
				SWIFT_OPTIMIZATION_LEVEL = "-Onone";
			};
			name = Debug;
		};
		4AB362BA28C25008002F50B8 /* Release */ = {
			isa = XCBuildConfiguration;
			buildSettings = {
				ALWAYS_SEARCH_USER_PATHS = NO;
				CLANG_ANALYZER_NONNULL = YES;
				CLANG_ANALYZER_NUMBER_OBJECT_CONVERSION = YES_AGGRESSIVE;
				CLANG_CXX_LANGUAGE_STANDARD = "gnu++17";
				CLANG_ENABLE_MODULES = YES;
				CLANG_ENABLE_OBJC_ARC = YES;
				CLANG_ENABLE_OBJC_WEAK = YES;
				CLANG_WARN_BLOCK_CAPTURE_AUTORELEASING = YES;
				CLANG_WARN_BOOL_CONVERSION = YES;
				CLANG_WARN_COMMA = YES;
				CLANG_WARN_CONSTANT_CONVERSION = YES;
				CLANG_WARN_DEPRECATED_OBJC_IMPLEMENTATIONS = YES;
				CLANG_WARN_DIRECT_OBJC_ISA_USAGE = YES_ERROR;
				CLANG_WARN_DOCUMENTATION_COMMENTS = YES;
				CLANG_WARN_EMPTY_BODY = YES;
				CLANG_WARN_ENUM_CONVERSION = YES;
				CLANG_WARN_INFINITE_RECURSION = YES;
				CLANG_WARN_INT_CONVERSION = YES;
				CLANG_WARN_NON_LITERAL_NULL_CONVERSION = YES;
				CLANG_WARN_OBJC_IMPLICIT_RETAIN_SELF = YES;
				CLANG_WARN_OBJC_LITERAL_CONVERSION = YES;
				CLANG_WARN_OBJC_ROOT_CLASS = YES_ERROR;
				CLANG_WARN_QUOTED_INCLUDE_IN_FRAMEWORK_HEADER = YES;
				CLANG_WARN_RANGE_LOOP_ANALYSIS = YES;
				CLANG_WARN_STRICT_PROTOTYPES = YES;
				CLANG_WARN_SUSPICIOUS_MOVE = YES;
				CLANG_WARN_UNGUARDED_AVAILABILITY = YES_AGGRESSIVE;
				CLANG_WARN_UNREACHABLE_CODE = YES;
				CLANG_WARN__DUPLICATE_METHOD_MATCH = YES;
				COPY_PHASE_STRIP = NO;
				DEBUG_INFORMATION_FORMAT = "dwarf-with-dsym";
				ENABLE_NS_ASSERTIONS = NO;
				ENABLE_STRICT_OBJC_MSGSEND = YES;
				GCC_C_LANGUAGE_STANDARD = gnu11;
				GCC_NO_COMMON_BLOCKS = YES;
				GCC_WARN_64_TO_32_BIT_CONVERSION = YES;
				GCC_WARN_ABOUT_RETURN_TYPE = YES_ERROR;
				GCC_WARN_UNDECLARED_SELECTOR = YES;
				GCC_WARN_UNINITIALIZED_AUTOS = YES_AGGRESSIVE;
				GCC_WARN_UNUSED_FUNCTION = YES;
				GCC_WARN_UNUSED_VARIABLE = YES;
				IPHONEOS_DEPLOYMENT_TARGET = 15.5;
				MTL_ENABLE_DEBUG_INFO = NO;
				MTL_FAST_MATH = YES;
				SDKROOT = iphoneos;
				SWIFT_COMPILATION_MODE = wholemodule;
				SWIFT_OPTIMIZATION_LEVEL = "-O";
				VALIDATE_PRODUCT = YES;
			};
			name = Release;
		};
		4AB362BC28C25008002F50B8 /* Debug */ = {
			isa = XCBuildConfiguration;
			baseConfigurationReference = 6E66BB18F163BFC7D525F7D5 /* Pods-Weather-iOS.debug.xcconfig */;
			buildSettings = {
				ASSETCATALOG_COMPILER_APPICON_NAME = AppIcon;
				ASSETCATALOG_COMPILER_GLOBAL_ACCENT_COLOR_NAME = AccentColor;
				CODE_SIGN_STYLE = Automatic;
				CURRENT_PROJECT_VERSION = 1;
				GENERATE_INFOPLIST_FILE = YES;
				INFOPLIST_FILE = "Weather-iOS/Info.plist";
				INFOPLIST_KEY_UIApplicationSupportsIndirectInputEvents = YES;
				INFOPLIST_KEY_UILaunchStoryboardName = LaunchScreen;
				INFOPLIST_KEY_UIMainStoryboardFile = Main;
				INFOPLIST_KEY_UISupportedInterfaceOrientations_iPad = "UIInterfaceOrientationPortrait UIInterfaceOrientationPortraitUpsideDown UIInterfaceOrientationLandscapeLeft UIInterfaceOrientationLandscapeRight";
				INFOPLIST_KEY_UISupportedInterfaceOrientations_iPhone = "UIInterfaceOrientationPortrait UIInterfaceOrientationLandscapeLeft UIInterfaceOrientationLandscapeRight";
				LD_RUNPATH_SEARCH_PATHS = (
					"$(inherited)",
					"@executable_path/Frameworks",
				);
				MARKETING_VERSION = 1.0;
				PRODUCT_BUNDLE_IDENTIFIER = "cchanmi.Weather-iOS";
				PRODUCT_NAME = "$(TARGET_NAME)";
				SWIFT_EMIT_LOC_STRINGS = YES;
				SWIFT_VERSION = 5.0;
				TARGETED_DEVICE_FAMILY = "1,2";
			};
			name = Debug;
		};
		4AB362BD28C25008002F50B8 /* Release */ = {
			isa = XCBuildConfiguration;
			baseConfigurationReference = C333270093A7106B44237750 /* Pods-Weather-iOS.release.xcconfig */;
			buildSettings = {
				ASSETCATALOG_COMPILER_APPICON_NAME = AppIcon;
				ASSETCATALOG_COMPILER_GLOBAL_ACCENT_COLOR_NAME = AccentColor;
				CODE_SIGN_STYLE = Automatic;
				CURRENT_PROJECT_VERSION = 1;
				GENERATE_INFOPLIST_FILE = YES;
				INFOPLIST_FILE = "Weather-iOS/Info.plist";
				INFOPLIST_KEY_UIApplicationSupportsIndirectInputEvents = YES;
				INFOPLIST_KEY_UILaunchStoryboardName = LaunchScreen;
				INFOPLIST_KEY_UIMainStoryboardFile = Main;
				INFOPLIST_KEY_UISupportedInterfaceOrientations_iPad = "UIInterfaceOrientationPortrait UIInterfaceOrientationPortraitUpsideDown UIInterfaceOrientationLandscapeLeft UIInterfaceOrientationLandscapeRight";
				INFOPLIST_KEY_UISupportedInterfaceOrientations_iPhone = "UIInterfaceOrientationPortrait UIInterfaceOrientationLandscapeLeft UIInterfaceOrientationLandscapeRight";
				LD_RUNPATH_SEARCH_PATHS = (
					"$(inherited)",
					"@executable_path/Frameworks",
				);
				MARKETING_VERSION = 1.0;
				PRODUCT_BUNDLE_IDENTIFIER = "cchanmi.Weather-iOS";
				PRODUCT_NAME = "$(TARGET_NAME)";
				SWIFT_EMIT_LOC_STRINGS = YES;
				SWIFT_VERSION = 5.0;
				TARGETED_DEVICE_FAMILY = "1,2";
			};
			name = Release;
		};
/* End XCBuildConfiguration section */

/* Begin XCConfigurationList section */
		4AB362A228C25007002F50B8 /* Build configuration list for PBXProject "Weather-iOS" */ = {
			isa = XCConfigurationList;
			buildConfigurations = (
				4AB362B928C25008002F50B8 /* Debug */,
				4AB362BA28C25008002F50B8 /* Release */,
			);
			defaultConfigurationIsVisible = 0;
			defaultConfigurationName = Release;
		};
		4AB362BB28C25008002F50B8 /* Build configuration list for PBXNativeTarget "Weather-iOS" */ = {
			isa = XCConfigurationList;
			buildConfigurations = (
				4AB362BC28C25008002F50B8 /* Debug */,
				4AB362BD28C25008002F50B8 /* Release */,
			);
			defaultConfigurationIsVisible = 0;
			defaultConfigurationName = Release;
		};
/* End XCConfigurationList section */
	};
	rootObject = 4AB3629F28C25007002F50B8 /* Project object */;
}
